
Microsoft Visual Studio Solution File, Format Version 12.00
# Visual Studio Version 16
VisualStudioVersion = 16.0.31515.178
MinimumVisualStudioVersion = 10.0.40219.1
Project("{9A19103F-16F7-4668-BE54-9A1E7A4F7556}") = "BookLibrary.Core", "BookLibrary.Core\BookLibrary.Core.csproj", "{E78980DC-F19A-4452-98D6-648DD7DB916B}"
EndProject
Project("{9A19103F-16F7-4668-BE54-9A1E7A4F7556}") = "BookLibrary", "BookLibrary\BookLibrary.csproj", "{BDE65E36-6C39-4963-9536-8D9577AC6F6A}"
EndProject
Project("{FAE04EC0-301F-11D3-BF4B-00C04F79EFBC}") = "BookLibrary.Infrastructure", "BookLibrary.Infrastructure\BookLibrary.Infrastructure.csproj", "{02815A3A-8E0F-47C8-AECC-DDE92A21276E}"
EndProject
Global
	GlobalSection(SolutionConfigurationPlatforms) = preSolution
		Debug|Any CPU = Debug|Any CPU
		Release|Any CPU = Release|Any CPU
	EndGlobalSection
	GlobalSection(ProjectConfigurationPlatforms) = postSolution
		{E78980DC-F19A-4452-98D6-648DD7DB916B}.Debug|Any CPU.ActiveCfg = Debug|Any CPU
		{E78980DC-F19A-4452-98D6-648DD7DB916B}.Debug|Any CPU.Build.0 = Debug|Any CPU
		{E78980DC-F19A-4452-98D6-648DD7DB916B}.Release|Any CPU.ActiveCfg = Release|Any CPU
		{E78980DC-F19A-4452-98D6-648DD7DB916B}.Release|Any CPU.Build.0 = Release|Any CPU
		{BDE65E36-6C39-4963-9536-8D9577AC6F6A}.Debug|Any CPU.ActiveCfg = Debug|Any CPU
		{BDE65E36-6C39-4963-9536-8D9577AC6F6A}.Debug|Any CPU.Build.0 = Debug|Any CPU
		{BDE65E36-6C39-4963-9536-8D9577AC6F6A}.Release|Any CPU.ActiveCfg = Release|Any CPU
		{BDE65E36-6C39-4963-9536-8D9577AC6F6A}.Release|Any CPU.Build.0 = Release|Any CPU
		{02815A3A-8E0F-47C8-AECC-DDE92A21276E}.Debug|Any CPU.ActiveCfg = Debug|Any CPU
		{02815A3A-8E0F-47C8-AECC-DDE92A21276E}.Debug|Any CPU.Build.0 = Debug|Any CPU
		{02815A3A-8E0F-47C8-AECC-DDE92A21276E}.Release|Any CPU.ActiveCfg = Release|Any CPU
		{02815A3A-8E0F-47C8-AECC-DDE92A21276E}.Release|Any CPU.Build.0 = Release|Any CPU
	EndGlobalSection
	GlobalSection(SolutionProperties) = preSolution
		HideSolutionNode = FALSE
	EndGlobalSection
	GlobalSection(ExtensibilityGlobals) = postSolution
		SolutionGuid = {F34ABCFB-11DD-4A2B-9519-92F6AC9F1C74}
	EndGlobalSection
EndGlobal
